
Microsoft Visual Studio Solution File, Format Version 12.00
# Visual Studio Version 17
VisualStudioVersion = 17.3.32929.385
MinimumVisualStudioVersion = 10.0.40219.1
Project("{FAE04EC0-301F-11D3-BF4B-00C04F79EFBC}") = "Creator.Lib", "src\Creator.Lib\Creator.Lib.csproj", "{6253613F-35F9-4050-B19E-55ECFBA263F8}"
EndProject
Project("{FAE04EC0-301F-11D3-BF4B-00C04F79EFBC}") = "Creator.Test", "src\Creator.Test\Creator.Test.csproj", "{F3979FE4-8351-472C-B92B-8A00EC894E29}"
EndProject
Project("{FAE04EC0-301F-11D3-BF4B-00C04F79EFBC}") = "Creator.FileLib", "src\Creator.FileLib\Creator.FileLib.csproj", "{2E66464E-8AE4-49BD-BB2D-15251ED31071}"
EndProject
Global
	GlobalSection(SolutionConfigurationPlatforms) = preSolution
		Debug|Any CPU = Debug|Any CPU
		Release|Any CPU = Release|Any CPU
	EndGlobalSection
	GlobalSection(ProjectConfigurationPlatforms) = postSolution
		{6253613F-35F9-4050-B19E-55ECFBA263F8}.Debug|Any CPU.ActiveCfg = Debug|Any CPU
		{6253613F-35F9-4050-B19E-55ECFBA263F8}.Debug|Any CPU.Build.0 = Debug|Any CPU
		{6253613F-35F9-4050-B19E-55ECFBA263F8}.Release|Any CPU.ActiveCfg = Release|Any CPU
		{6253613F-35F9-4050-B19E-55ECFBA263F8}.Release|Any CPU.Build.0 = Release|Any CPU
		{F3979FE4-8351-472C-B92B-8A00EC894E29}.Debug|Any CPU.ActiveCfg = Debug|Any CPU
		{F3979FE4-8351-472C-B92B-8A00EC894E29}.Debug|Any CPU.Build.0 = Debug|Any CPU
		{F3979FE4-8351-472C-B92B-8A00EC894E29}.Release|Any CPU.ActiveCfg = Release|Any CPU
		{F3979FE4-8351-472C-B92B-8A00EC894E29}.Release|Any CPU.Build.0 = Release|Any CPU
		{2E66464E-8AE4-49BD-BB2D-15251ED31071}.Debug|Any CPU.ActiveCfg = Debug|Any CPU
		{2E66464E-8AE4-49BD-BB2D-15251ED31071}.Debug|Any CPU.Build.0 = Debug|Any CPU
		{2E66464E-8AE4-49BD-BB2D-15251ED31071}.Release|Any CPU.ActiveCfg = Release|Any CPU
		{2E66464E-8AE4-49BD-BB2D-15251ED31071}.Release|Any CPU.Build.0 = Release|Any CPU
	EndGlobalSection
	GlobalSection(SolutionProperties) = preSolution
		HideSolutionNode = FALSE
	EndGlobalSection
	GlobalSection(ExtensibilityGlobals) = postSolution
		SolutionGuid = {67838DF6-8A63-4D3D-AD16-40D34EAE57EC}
	EndGlobalSection
EndGlobal
